<Solution>
  <Folder Name="/src/">
    <Project Path="src/PromptBench.Api/PromptBench.Api.csproj" />
    <Project Path="src/PromptBench.Cli/PromptBench.Cli.csproj" />
  </Folder>
  <Folder Name="/tests/">
    <Project Path="tests/PromptBench.Tests/PromptBench.Tests.csproj" />
  </Folder>
</Solution>
